
Microsoft Visual Studio Solution File, Format Version 12.00
# Visual Studio Version 17
VisualStudioVersion = 17.11.35327.3
MinimumVisualStudioVersion = 10.0.40219.1
Project("{FAE04EC0-301F-11D3-BF4B-00C04F79EFBC}") = "BookSelectionOptimizer", "BookSelectionOptimizer\BookSelectionOptimizer.csproj", "{69C515C2-8912-4D18-BB8B-DCAC19C582C5}"
EndProject
Global
	GlobalSection(SolutionConfigurationPlatforms) = preSolution
		Debug|Any CPU = Debug|Any CPU
		Debug|x64 = Debug|x64
		Release|Any CPU = Release|Any CPU
		Release|x64 = Release|x64
	EndGlobalSection
	GlobalSection(ProjectConfigurationPlatforms) = postSolution
		{69C515C2-8912-4D18-BB8B-DCAC19C582C5}.Debug|Any CPU.ActiveCfg = Debug|Any CPU
		{69C515C2-8912-4D18-BB8B-DCAC19C582C5}.Debug|Any CPU.Build.0 = Debug|Any CPU
		{69C515C2-8912-4D18-BB8B-DCAC19C582C5}.Debug|x64.ActiveCfg = Debug|x64
		{69C515C2-8912-4D18-BB8B-DCAC19C582C5}.Debug|x64.Build.0 = Debug|x64
		{69C515C2-8912-4D18-BB8B-DCAC19C582C5}.Release|Any CPU.ActiveCfg = Release|Any CPU
		{69C515C2-8912-4D18-BB8B-DCAC19C582C5}.Release|Any CPU.Build.0 = Release|Any CPU
		{69C515C2-8912-4D18-BB8B-DCAC19C582C5}.Release|x64.ActiveCfg = Release|x64
		{69C515C2-8912-4D18-BB8B-DCAC19C582C5}.Release|x64.Build.0 = Release|x64
	EndGlobalSection
	GlobalSection(SolutionProperties) = preSolution
		HideSolutionNode = FALSE
	EndGlobalSection
	GlobalSection(ExtensibilityGlobals) = postSolution
		SolutionGuid = {A0A0AAF6-CDA7-461C-977D-A0ABD682D6AD}
	EndGlobalSection
EndGlobal
